
Microsoft Visual Studio Solution File, Format Version 12.00
# Visual Studio 15
VisualStudioVersion = 15.0.28010.2050
MinimumVisualStudioVersion = 10.0.40219.1
Project("{9A19103F-16F7-4668-BE54-9A1E7A4F7556}") = "NLogPractice", "NLogPractice\NLogPractice.csproj", "{13060A0E-7129-4080-9F0E-D19253556F70}"
EndProject
Project("{FAE04EC0-301F-11D3-BF4B-00C04F79EFBC}") = "ClassLibrary", "ClassLibrary\ClassLibrary.csproj", "{C6FD7B17-B5C0-4F38-A083-544A9EA9444A}"
EndProject
Global
	GlobalSection(SolutionConfigurationPlatforms) = preSolution
		Debug|Any CPU = Debug|Any CPU
		Release|Any CPU = Release|Any CPU
	EndGlobalSection
	GlobalSection(ProjectConfigurationPlatforms) = postSolution
		{13060A0E-7129-4080-9F0E-D19253556F70}.Debug|Any CPU.ActiveCfg = Debug|Any CPU
		{13060A0E-7129-4080-9F0E-D19253556F70}.Debug|Any CPU.Build.0 = Debug|Any CPU
		{13060A0E-7129-4080-9F0E-D19253556F70}.Release|Any CPU.ActiveCfg = Release|Any CPU
		{13060A0E-7129-4080-9F0E-D19253556F70}.Release|Any CPU.Build.0 = Release|Any CPU
		{C6FD7B17-B5C0-4F38-A083-544A9EA9444A}.Debug|Any CPU.ActiveCfg = Debug|Any CPU
		{C6FD7B17-B5C0-4F38-A083-544A9EA9444A}.Debug|Any CPU.Build.0 = Debug|Any CPU
		{C6FD7B17-B5C0-4F38-A083-544A9EA9444A}.Release|Any CPU.ActiveCfg = Release|Any CPU
		{C6FD7B17-B5C0-4F38-A083-544A9EA9444A}.Release|Any CPU.Build.0 = Release|Any CPU
	EndGlobalSection
	GlobalSection(SolutionProperties) = preSolution
		HideSolutionNode = FALSE
	EndGlobalSection
	GlobalSection(ExtensibilityGlobals) = postSolution
		SolutionGuid = {A07F732A-7358-4ED5-AC3D-9CAFD70D81C5}
	EndGlobalSection
EndGlobal
